{
  "requires": true,
  "lockfileVersion": 1,
  "dependencies": {
    "react-native-google-signin": {
      "version": "1.0.2",
      "resolved": "https://registry.npmjs.org/react-native-google-signin/-/react-native-google-signin-1.0.2.tgz",
      "integrity": "sha512-4HPPSecI29gX0Pu7h2E7ZYXnKO4r+6eh5f+Unm67liE1RfvCQfOqoDliPbK96Mb/91VgHwqyxi0sUEC4j54/AQ=="
    }
  }
}
